
Microsoft Visual Studio Solution File, Format Version 12.00
# Visual Studio 15
Project("{FAE04EC0-301F-11D3-BF4B-00C04F79EFBC}") = "Submission", "Assembly-CSharp.csproj", "{8B40DE93-DA99-D30E-8B4A-8331C66727F9}"
EndProject
Project("{FAE04EC0-301F-11D3-BF4B-00C04F79EFBC}") = "Submission", "VuforiaScripts.csproj", "{FE8CB78F-0A1E-CEAF-91AD-B175478FEA74}"
EndProject
Project("{FAE04EC0-301F-11D3-BF4B-00C04F79EFBC}") = "Submission", "VuforiaEditorScripts.csproj", "{50A137E8-4DD3-8E49-E342-07E6133CE9C9}"
EndProject
Global
	GlobalSection(SolutionConfigurationPlatforms) = preSolution
		Debug|Any CPU = Debug|Any CPU
		Release|Any CPU = Release|Any CPU
	EndGlobalSection
	GlobalSection(ProjectConfigurationPlatforms) = postSolution
		{8B40DE93-DA99-D30E-8B4A-8331C66727F9}.Debug|Any CPU.ActiveCfg = Debug|Any CPU
		{8B40DE93-DA99-D30E-8B4A-8331C66727F9}.Debug|Any CPU.Build.0 = Debug|Any CPU
		{8B40DE93-DA99-D30E-8B4A-8331C66727F9}.Release|Any CPU.ActiveCfg = Release|Any CPU
		{8B40DE93-DA99-D30E-8B4A-8331C66727F9}.Release|Any CPU.Build.0 = Release|Any CPU
		{FE8CB78F-0A1E-CEAF-91AD-B175478FEA74}.Debug|Any CPU.ActiveCfg = Debug|Any CPU
		{FE8CB78F-0A1E-CEAF-91AD-B175478FEA74}.Debug|Any CPU.Build.0 = Debug|Any CPU
		{FE8CB78F-0A1E-CEAF-91AD-B175478FEA74}.Release|Any CPU.ActiveCfg = Release|Any CPU
		{FE8CB78F-0A1E-CEAF-91AD-B175478FEA74}.Release|Any CPU.Build.0 = Release|Any CPU
		{50A137E8-4DD3-8E49-E342-07E6133CE9C9}.Debug|Any CPU.ActiveCfg = Debug|Any CPU
		{50A137E8-4DD3-8E49-E342-07E6133CE9C9}.Debug|Any CPU.Build.0 = Debug|Any CPU
		{50A137E8-4DD3-8E49-E342-07E6133CE9C9}.Release|Any CPU.ActiveCfg = Release|Any CPU
		{50A137E8-4DD3-8E49-E342-07E6133CE9C9}.Release|Any CPU.Build.0 = Release|Any CPU
	EndGlobalSection
	GlobalSection(SolutionProperties) = preSolution
		HideSolutionNode = FALSE
	EndGlobalSection
EndGlobal
